
Microsoft Visual Studio Solution File, Format Version 12.00
# Visual Studio 2012
Project("{FAE04EC0-301F-11D3-BF4B-00C04F79EFBC}") = "WinFormeplayAd", "WinFormeplayAd\WinFormeplayAd.csproj", "{4DE3D14E-567B-4266-830A-298CF2738C58}"
	ProjectSection(ProjectDependencies) = postProject
		{C4D8B69B-D1F3-4381-866A-CBE368622155} = {C4D8B69B-D1F3-4381-866A-CBE368622155}
	EndProjectSection
EndProject
Project("{FAE04EC0-301F-11D3-BF4B-00C04F79EFBC}") = "WinFormeplayAdWcf", "WinFormeplayAdWcf\WinFormeplayAdWcf.csproj", "{C4D8B69B-D1F3-4381-866A-CBE368622155}"
EndProject
Global
	GlobalSection(SolutionConfigurationPlatforms) = preSolution
		Debug|Any CPU = Debug|Any CPU
		Release|Any CPU = Release|Any CPU
	EndGlobalSection
	GlobalSection(ProjectConfigurationPlatforms) = postSolution
		{4DE3D14E-567B-4266-830A-298CF2738C58}.Debug|Any CPU.ActiveCfg = Debug|Any CPU
		{4DE3D14E-567B-4266-830A-298CF2738C58}.Debug|Any CPU.Build.0 = Debug|Any CPU
		{4DE3D14E-567B-4266-830A-298CF2738C58}.Release|Any CPU.ActiveCfg = Release|Any CPU
		{4DE3D14E-567B-4266-830A-298CF2738C58}.Release|Any CPU.Build.0 = Release|Any CPU
		{C4D8B69B-D1F3-4381-866A-CBE368622155}.Debug|Any CPU.ActiveCfg = Debug|Any CPU
		{C4D8B69B-D1F3-4381-866A-CBE368622155}.Debug|Any CPU.Build.0 = Debug|Any CPU
		{C4D8B69B-D1F3-4381-866A-CBE368622155}.Release|Any CPU.ActiveCfg = Release|Any CPU
		{C4D8B69B-D1F3-4381-866A-CBE368622155}.Release|Any CPU.Build.0 = Release|Any CPU
	EndGlobalSection
	GlobalSection(SolutionProperties) = preSolution
		HideSolutionNode = FALSE
	EndGlobalSection
EndGlobal
